
Microsoft Visual Studio Solution File, Format Version 12.00
# Visual Studio 15
VisualStudioVersion = 15.0.27703.2000
MinimumVisualStudioVersion = 10.0.40219.1
Project("{FAE04EC0-301F-11D3-BF4B-00C04F79EFBC}") = "Registro Biblia", "Registro Biblia\Registro Biblia.csproj", "{49106071-9D36-40FB-8940-5A9FFC7C1765}"
EndProject
Global
	GlobalSection(SolutionConfigurationPlatforms) = preSolution
		Debug|Any CPU = Debug|Any CPU
		Release|Any CPU = Release|Any CPU
	EndGlobalSection
	GlobalSection(ProjectConfigurationPlatforms) = postSolution
		{49106071-9D36-40FB-8940-5A9FFC7C1765}.Debug|Any CPU.ActiveCfg = Debug|Any CPU
		{49106071-9D36-40FB-8940-5A9FFC7C1765}.Debug|Any CPU.Build.0 = Debug|Any CPU
		{49106071-9D36-40FB-8940-5A9FFC7C1765}.Release|Any CPU.ActiveCfg = Release|Any CPU
		{49106071-9D36-40FB-8940-5A9FFC7C1765}.Release|Any CPU.Build.0 = Release|Any CPU
	EndGlobalSection
	GlobalSection(SolutionProperties) = preSolution
		HideSolutionNode = FALSE
	EndGlobalSection
	GlobalSection(ExtensibilityGlobals) = postSolution
		SolutionGuid = {52646747-F400-4373-BE9C-618803593F2A}
	EndGlobalSection
EndGlobal
